
Microsoft Visual Studio Solution File, Format Version 12.00
# Visual Studio Version 16
VisualStudioVersion = 16.0.28315.86
MinimumVisualStudioVersion = 10.0.40219.1
Project("{2150E333-8FDC-42A3-9474-1A3956D46DE8}") = "Engine", "Engine", "{94A6C6F3-99B3-346E-9557-ABF9D4064DBD}"
EndProject
Project("{2150E333-8FDC-42A3-9474-1A3956D46DE8}") = "Games", "Games", "{8E2F6A87-1826-34F4-940C-CC23A48F9FE4}"
EndProject
Project("{8BC9CEB8-8B4A-11D0-8D11-00A0C91BC942}") = "UE4", "Intermediate\ProjectFiles\UE4.vcxproj", "{DDD934A6-2C22-48E6-A7C3-4F2C39D203D5}"
EndProject
Project("{8BC9CEB8-8B4A-11D0-8D11-00A0C91BC942}") = "MyActionRPG", "Intermediate\ProjectFiles\MyActionRPG.vcxproj", "{883EDE9F-AFED-4F74-B5E5-B828C104A4FF}"
EndProject
Project("{2150E333-8FDC-42A3-9474-1A3956D46DE8}") = "Visualizers", "Visualizers", "{1CCEC849-CC72-4C59-8C36-2F7C38706D4C}"
	ProjectSection(SolutionItems) = preProject
		..\..\..\Engine\Extras\VisualStudioDebugging\UE4.natvis = ..\..\..\Engine\Extras\VisualStudioDebugging\UE4.natvis
	EndProjectSection
EndProject
Global
	GlobalSection(SolutionConfigurationPlatforms) = preSolution
		Debug Editor|HoloLens = Debug Editor|HoloLens
		Debug Editor|Mac = Debug Editor|Mac
		Debug Editor|Win32 = Debug Editor|Win32
		Debug Editor|Win64 = Debug Editor|Win64
		Debug Server|HoloLens = Debug Server|HoloLens
		Debug Server|Mac = Debug Server|Mac
		Debug Server|Win32 = Debug Server|Win32
		Debug Server|Win64 = Debug Server|Win64
		Debug|HoloLens = Debug|HoloLens
		Debug|Mac = Debug|Mac
		Debug|Win32 = Debug|Win32
		Debug|Win64 = Debug|Win64
		DebugGame Editor|HoloLens = DebugGame Editor|HoloLens
		DebugGame Editor|Mac = DebugGame Editor|Mac
		DebugGame Editor|Win32 = DebugGame Editor|Win32
		DebugGame Editor|Win64 = DebugGame Editor|Win64
		DebugGame Server|HoloLens = DebugGame Server|HoloLens
		DebugGame Server|Mac = DebugGame Server|Mac
		DebugGame Server|Win32 = DebugGame Server|Win32
		DebugGame Server|Win64 = DebugGame Server|Win64
		DebugGame|HoloLens = DebugGame|HoloLens
		DebugGame|Mac = DebugGame|Mac
		DebugGame|Win32 = DebugGame|Win32
		DebugGame|Win64 = DebugGame|Win64
		Development Editor|HoloLens = Development Editor|HoloLens
		Development Editor|Mac = Development Editor|Mac
		Development Editor|Win32 = Development Editor|Win32
		Development Editor|Win64 = Development Editor|Win64
		Development Server|HoloLens = Development Server|HoloLens
		Development Server|Mac = Development Server|Mac
		Development Server|Win32 = Development Server|Win32
		Development Server|Win64 = Development Server|Win64
		Development|HoloLens = Development|HoloLens
		Development|Mac = Development|Mac
		Development|Win32 = Development|Win32
		Development|Win64 = Development|Win64
		Shipping Server|HoloLens = Shipping Server|HoloLens
		Shipping Server|Mac = Shipping Server|Mac
		Shipping Server|Win32 = Shipping Server|Win32
		Shipping Server|Win64 = Shipping Server|Win64
		Shipping|HoloLens = Shipping|HoloLens
		Shipping|Mac = Shipping|Mac
		Shipping|Win32 = Shipping|Win32
		Shipping|Win64 = Shipping|Win64
		Test Server|HoloLens = Test Server|HoloLens
		Test Server|Mac = Test Server|Mac
		Test Server|Win32 = Test Server|Win32
		Test Server|Win64 = Test Server|Win64
		Test|HoloLens = Test|HoloLens
		Test|Mac = Test|Mac
		Test|Win32 = Test|Win32
		Test|Win64 = Test|Win64
	EndGlobalSection
	# Visual Assist Section
	GlobalSection(44630d46-96b5-488c-8df926e21db8c1a3) = preSolution
		ueSolution=true
	EndGlobalSection
	GlobalSection(ProjectConfigurationPlatforms) = postSolution
		{DDD934A6-2C22-48E6-A7C3-4F2C39D203D5}.Debug Editor|HoloLens.ActiveCfg = BuiltWithUnrealBuildTool|Win32
		{DDD934A6-2C22-48E6-A7C3-4F2C39D203D5}.Debug Editor|Mac.ActiveCfg = BuiltWithUnrealBuildTool|Win32
		{DDD934A6-2C22-48E6-A7C3-4F2C39D203D5}.Debug Editor|Win32.ActiveCfg = BuiltWithUnrealBuildTool|Win32
		{DDD934A6-2C22-48E6-A7C3-4F2C39D203D5}.Debug Editor|Win64.ActiveCfg = BuiltWithUnrealBuildTool|Win32
		{DDD934A6-2C22-48E6-A7C3-4F2C39D203D5}.Debug Server|HoloLens.ActiveCfg = BuiltWithUnrealBuildTool|Win32
		{DDD934A6-2C22-48E6-A7C3-4F2C39D203D5}.Debug Server|Mac.ActiveCfg = BuiltWithUnrealBuildTool|Win32
		{DDD934A6-2C22-48E6-A7C3-4F2C39D203D5}.Debug Server|Win32.ActiveCfg = BuiltWithUnrealBuildTool|Win32
		{DDD934A6-2C22-48E6-A7C3-4F2C39D203D5}.Debug Server|Win64.ActiveCfg = BuiltWithUnrealBuildTool|Win32
		{DDD934A6-2C22-48E6-A7C3-4F2C39D203D5}.Debug|HoloLens.ActiveCfg = BuiltWithUnrealBuildTool|Win32
		{DDD934A6-2C22-48E6-A7C3-4F2C39D203D5}.Debug|Mac.ActiveCfg = BuiltWithUnrealBuildTool|Win32
		{DDD934A6-2C22-48E6-A7C3-4F2C39D203D5}.Debug|Win32.ActiveCfg = BuiltWithUnrealBuildTool|Win32
		{DDD934A6-2C22-48E6-A7C3-4F2C39D203D5}.Debug|Win64.ActiveCfg = BuiltWithUnrealBuildTool|Win32
		{DDD934A6-2C22-48E6-A7C3-4F2C39D203D5}.DebugGame Editor|HoloLens.ActiveCfg = BuiltWithUnrealBuildTool|Win32
		{DDD934A6-2C22-48E6-A7C3-4F2C39D203D5}.DebugGame Editor|Mac.ActiveCfg = BuiltWithUnrealBuildTool|Win32
		{DDD934A6-2C22-48E6-A7C3-4F2C39D203D5}.DebugGame Editor|Win32.ActiveCfg = BuiltWithUnrealBuildTool|Win32
		{DDD934A6-2C22-48E6-A7C3-4F2C39D203D5}.DebugGame Editor|Win64.ActiveCfg = BuiltWithUnrealBuildTool|Win32
		{DDD934A6-2C22-48E6-A7C3-4F2C39D203D5}.DebugGame Server|HoloLens.ActiveCfg = BuiltWithUnrealBuildTool|Win32
		{DDD934A6-2C22-48E6-A7C3-4F2C39D203D5}.DebugGame Server|Mac.ActiveCfg = BuiltWithUnrealBuildTool|Win32
		{DDD934A6-2C22-48E6-A7C3-4F2C39D203D5}.DebugGame Server|Win32.ActiveCfg = BuiltWithUnrealBuildTool|Win32
		{DDD934A6-2C22-48E6-A7C3-4F2C39D203D5}.DebugGame Server|Win64.ActiveCfg = BuiltWithUnrealBuildTool|Win32
		{DDD934A6-2C22-48E6-A7C3-4F2C39D203D5}.DebugGame|HoloLens.ActiveCfg = BuiltWithUnrealBuildTool|Win32
		{DDD934A6-2C22-48E6-A7C3-4F2C39D203D5}.DebugGame|Mac.ActiveCfg = BuiltWithUnrealBuildTool|Win32
		{DDD934A6-2C22-48E6-A7C3-4F2C39D203D5}.DebugGame|Win32.ActiveCfg = BuiltWithUnrealBuildTool|Win32
		{DDD934A6-2C22-48E6-A7C3-4F2C39D203D5}.DebugGame|Win64.ActiveCfg = BuiltWithUnrealBuildTool|Win32
		{DDD934A6-2C22-48E6-A7C3-4F2C39D203D5}.Development Editor|HoloLens.ActiveCfg = BuiltWithUnrealBuildTool|Win32
		{DDD934A6-2C22-48E6-A7C3-4F2C39D203D5}.Development Editor|Mac.ActiveCfg = BuiltWithUnrealBuildTool|Win32
		{DDD934A6-2C22-48E6-A7C3-4F2C39D203D5}.Development Editor|Win32.ActiveCfg = BuiltWithUnrealBuildTool|Win32
		{DDD934A6-2C22-48E6-A7C3-4F2C39D203D5}.Development Editor|Win64.ActiveCfg = BuiltWithUnrealBuildTool|Win32
		{DDD934A6-2C22-48E6-A7C3-4F2C39D203D5}.Development Server|HoloLens.ActiveCfg = BuiltWithUnrealBuildTool|Win32
		{DDD934A6-2C22-48E6-A7C3-4F2C39D203D5}.Development Server|Mac.ActiveCfg = BuiltWithUnrealBuildTool|Win32
		{DDD934A6-2C22-48E6-A7C3-4F2C39D203D5}.Development Server|Win32.ActiveCfg = BuiltWithUnrealBuildTool|Win32
		{DDD934A6-2C22-48E6-A7C3-4F2C39D203D5}.Development Server|Win64.ActiveCfg = BuiltWithUnrealBuildTool|Win32
		{DDD934A6-2C22-48E6-A7C3-4F2C39D203D5}.Development|HoloLens.ActiveCfg = BuiltWithUnrealBuildTool|Win32
		{DDD934A6-2C22-48E6-A7C3-4F2C39D203D5}.Development|Mac.ActiveCfg = BuiltWithUnrealBuildTool|Win32
		{DDD934A6-2C22-48E6-A7C3-4F2C39D203D5}.Development|Win32.ActiveCfg = BuiltWithUnrealBuildTool|Win32
		{DDD934A6-2C22-48E6-A7C3-4F2C39D203D5}.Development|Win64.ActiveCfg = BuiltWithUnrealBuildTool|Win32
		{DDD934A6-2C22-48E6-A7C3-4F2C39D203D5}.Shipping Server|HoloLens.ActiveCfg = BuiltWithUnrealBuildTool|Win32
		{DDD934A6-2C22-48E6-A7C3-4F2C39D203D5}.Shipping Server|Mac.ActiveCfg = BuiltWithUnrealBuildTool|Win32
		{DDD934A6-2C22-48E6-A7C3-4F2C39D203D5}.Shipping Server|Win32.ActiveCfg = BuiltWithUnrealBuildTool|Win32
		{DDD934A6-2C22-48E6-A7C3-4F2C39D203D5}.Shipping Server|Win64.ActiveCfg = BuiltWithUnrealBuildTool|Win32
		{DDD934A6-2C22-48E6-A7C3-4F2C39D203D5}.Shipping|HoloLens.ActiveCfg = BuiltWithUnrealBuildTool|Win32
		{DDD934A6-2C22-48E6-A7C3-4F2C39D203D5}.Shipping|Mac.ActiveCfg = BuiltWithUnrealBuildTool|Win32
		{DDD934A6-2C22-48E6-A7C3-4F2C39D203D5}.Shipping|Win32.ActiveCfg = BuiltWithUnrealBuildTool|Win32
		{DDD934A6-2C22-48E6-A7C3-4F2C39D203D5}.Shipping|Win64.ActiveCfg = BuiltWithUnrealBuildTool|Win32
		{DDD934A6-2C22-48E6-A7C3-4F2C39D203D5}.Test Server|HoloLens.ActiveCfg = BuiltWithUnrealBuildTool|Win32
		{DDD934A6-2C22-48E6-A7C3-4F2C39D203D5}.Test Server|Mac.ActiveCfg = BuiltWithUnrealBuildTool|Win32
		{DDD934A6-2C22-48E6-A7C3-4F2C39D203D5}.Test Server|Win32.ActiveCfg = BuiltWithUnrealBuildTool|Win32
		{DDD934A6-2C22-48E6-A7C3-4F2C39D203D5}.Test Server|Win64.ActiveCfg = BuiltWithUnrealBuildTool|Win32
		{DDD934A6-2C22-48E6-A7C3-4F2C39D203D5}.Test|HoloLens.ActiveCfg = BuiltWithUnrealBuildTool|Win32
		{DDD934A6-2C22-48E6-A7C3-4F2C39D203D5}.Test|Mac.ActiveCfg = BuiltWithUnrealBuildTool|Win32
		{DDD934A6-2C22-48E6-A7C3-4F2C39D203D5}.Test|Win32.ActiveCfg = BuiltWithUnrealBuildTool|Win32
		{DDD934A6-2C22-48E6-A7C3-4F2C39D203D5}.Test|Win64.ActiveCfg = BuiltWithUnrealBuildTool|Win32
		{883EDE9F-AFED-4F74-B5E5-B828C104A4FF}.Debug Editor|HoloLens.ActiveCfg = Invalid|Win32
		{883EDE9F-AFED-4F74-B5E5-B828C104A4FF}.Debug Editor|Mac.ActiveCfg = Mac_Debug_Editor|Win32
		{883EDE9F-AFED-4F74-B5E5-B828C104A4FF}.Debug Editor|Mac.Build.0 = Mac_Debug_Editor|Win32
		{883EDE9F-AFED-4F74-B5E5-B828C104A4FF}.Debug Editor|Win32.ActiveCfg = Invalid|Win32
		{883EDE9F-AFED-4F74-B5E5-B828C104A4FF}.Debug Editor|Win64.ActiveCfg = Debug_Editor|x64
		{883EDE9F-AFED-4F74-B5E5-B828C104A4FF}.Debug Editor|Win64.Build.0 = Debug_Editor|x64
		{883EDE9F-AFED-4F74-B5E5-B828C104A4FF}.Debug Server|HoloLens.ActiveCfg = Debug_Server|arm64
		{883EDE9F-AFED-4F74-B5E5-B828C104A4FF}.Debug Server|HoloLens.Build.0 = Debug_Server|arm64
		{883EDE9F-AFED-4F74-B5E5-B828C104A4FF}.Debug Server|HoloLens.Deploy.0 = Debug_Server|arm64
		{883EDE9F-AFED-4F74-B5E5-B828C104A4FF}.Debug Server|Mac.ActiveCfg = Mac_Debug_Server|Win32
		{883EDE9F-AFED-4F74-B5E5-B828C104A4FF}.Debug Server|Mac.Build.0 = Mac_Debug_Server|Win32
		{883EDE9F-AFED-4F74-B5E5-B828C104A4FF}.Debug Server|Win32.ActiveCfg = Debug_Server|Win32
		{883EDE9F-AFED-4F74-B5E5-B828C104A4FF}.Debug Server|Win32.Build.0 = Debug_Server|Win32
		{883EDE9F-AFED-4F74-B5E5-B828C104A4FF}.Debug Server|Win64.ActiveCfg = Debug_Server|x64
		{883EDE9F-AFED-4F74-B5E5-B828C104A4FF}.Debug Server|Win64.Build.0 = Debug_Server|x64
		{883EDE9F-AFED-4F74-B5E5-B828C104A4FF}.Debug|HoloLens.ActiveCfg = Debug|arm64
		{883EDE9F-AFED-4F74-B5E5-B828C104A4FF}.Debug|HoloLens.Build.0 = Debug|arm64
		{883EDE9F-AFED-4F74-B5E5-B828C104A4FF}.Debug|HoloLens.Deploy.0 = Debug|arm64
		{883EDE9F-AFED-4F74-B5E5-B828C104A4FF}.Debug|Mac.ActiveCfg = Mac_Debug|Win32
		{883EDE9F-AFED-4F74-B5E5-B828C104A4FF}.Debug|Mac.Build.0 = Mac_Debug|Win32
		{883EDE9F-AFED-4F74-B5E5-B828C104A4FF}.Debug|Win32.ActiveCfg = Debug|Win32
		{883EDE9F-AFED-4F74-B5E5-B828C104A4FF}.Debug|Win32.Build.0 = Debug|Win32
		{883EDE9F-AFED-4F74-B5E5-B828C104A4FF}.Debug|Win64.ActiveCfg = Debug|x64
		{883EDE9F-AFED-4F74-B5E5-B828C104A4FF}.Debug|Win64.Build.0 = Debug|x64
		{883EDE9F-AFED-4F74-B5E5-B828C104A4FF}.DebugGame Editor|HoloLens.ActiveCfg = Invalid|Win32
		{883EDE9F-AFED-4F74-B5E5-B828C104A4FF}.DebugGame Editor|Mac.ActiveCfg = Mac_DebugGame_Editor|Win32
		{883EDE9F-AFED-4F74-B5E5-B828C104A4FF}.DebugGame Editor|Mac.Build.0 = Mac_DebugGame_Editor|Win32
		{883EDE9F-AFED-4F74-B5E5-B828C104A4FF}.DebugGame Editor|Win32.ActiveCfg = Invalid|Win32
		{883EDE9F-AFED-4F74-B5E5-B828C104A4FF}.DebugGame Editor|Win64.ActiveCfg = DebugGame_Editor|x64
		{883EDE9F-AFED-4F74-B5E5-B828C104A4FF}.DebugGame Editor|Win64.Build.0 = DebugGame_Editor|x64
		{883EDE9F-AFED-4F74-B5E5-B828C104A4FF}.DebugGame Server|HoloLens.ActiveCfg = DebugGame_Server|arm64
		{883EDE9F-AFED-4F74-B5E5-B828C104A4FF}.DebugGame Server|HoloLens.Build.0 = DebugGame_Server|arm64
		{883EDE9F-AFED-4F74-B5E5-B828C104A4FF}.DebugGame Server|HoloLens.Deploy.0 = DebugGame_Server|arm64
		{883EDE9F-AFED-4F74-B5E5-B828C104A4FF}.DebugGame Server|Mac.ActiveCfg = Mac_DebugGame_Server|Win32
		{883EDE9F-AFED-4F74-B5E5-B828C104A4FF}.DebugGame Server|Mac.Build.0 = Mac_DebugGame_Server|Win32
		{883EDE9F-AFED-4F74-B5E5-B828C104A4FF}.DebugGame Server|Win32.ActiveCfg = DebugGame_Server|Win32
		{883EDE9F-AFED-4F74-B5E5-B828C104A4FF}.DebugGame Server|Win32.Build.0 = DebugGame_Server|Win32
		{883EDE9F-AFED-4F74-B5E5-B828C104A4FF}.DebugGame Server|Win64.ActiveCfg = DebugGame_Server|x64
		{883EDE9F-AFED-4F74-B5E5-B828C104A4FF}.DebugGame Server|Win64.Build.0 = DebugGame_Server|x64
		{883EDE9F-AFED-4F74-B5E5-B828C104A4FF}.DebugGame|HoloLens.ActiveCfg = DebugGame|arm64
		{883EDE9F-AFED-4F74-B5E5-B828C104A4FF}.DebugGame|HoloLens.Build.0 = DebugGame|arm64
		{883EDE9F-AFED-4F74-B5E5-B828C104A4FF}.DebugGame|HoloLens.Deploy.0 = DebugGame|arm64
		{883EDE9F-AFED-4F74-B5E5-B828C104A4FF}.DebugGame|Mac.ActiveCfg = Mac_DebugGame|Win32
		{883EDE9F-AFED-4F74-B5E5-B828C104A4FF}.DebugGame|Mac.Build.0 = Mac_DebugGame|Win32
		{883EDE9F-AFED-4F74-B5E5-B828C104A4FF}.DebugGame|Win32.ActiveCfg = DebugGame|Win32
		{883EDE9F-AFED-4F74-B5E5-B828C104A4FF}.DebugGame|Win32.Build.0 = DebugGame|Win32
		{883EDE9F-AFED-4F74-B5E5-B828C104A4FF}.DebugGame|Win64.ActiveCfg = DebugGame|x64
		{883EDE9F-AFED-4F74-B5E5-B828C104A4FF}.DebugGame|Win64.Build.0 = DebugGame|x64
		{883EDE9F-AFED-4F74-B5E5-B828C104A4FF}.Development Editor|HoloLens.ActiveCfg = Invalid|Win32
		{883EDE9F-AFED-4F74-B5E5-B828C104A4FF}.Development Editor|Mac.ActiveCfg = Mac_Development_Editor|Win32
		{883EDE9F-AFED-4F74-B5E5-B828C104A4FF}.Development Editor|Mac.Build.0 = Mac_Development_Editor|Win32
		{883EDE9F-AFED-4F74-B5E5-B828C104A4FF}.Development Editor|Win32.ActiveCfg = Invalid|Win32
		{883EDE9F-AFED-4F74-B5E5-B828C104A4FF}.Development Editor|Win64.ActiveCfg = Development_Editor|x64
		{883EDE9F-AFED-4F74-B5E5-B828C104A4FF}.Development Editor|Win64.Build.0 = Development_Editor|x64
		{883EDE9F-AFED-4F74-B5E5-B828C104A4FF}.Development Server|HoloLens.ActiveCfg = Development_Server|arm64
		{883EDE9F-AFED-4F74-B5E5-B828C104A4FF}.Development Server|HoloLens.Build.0 = Development_Server|arm64
		{883EDE9F-AFED-4F74-B5E5-B828C104A4FF}.Development Server|HoloLens.Deploy.0 = Development_Server|arm64
		{883EDE9F-AFED-4F74-B5E5-B828C104A4FF}.Development Server|Mac.ActiveCfg = Mac_Development_Server|Win32
		{883EDE9F-AFED-4F74-B5E5-B828C104A4FF}.Development Server|Mac.Build.0 = Mac_Development_Server|Win32
		{883EDE9F-AFED-4F74-B5E5-B828C104A4FF}.Development Server|Win32.ActiveCfg = Development_Server|Win32
		{883EDE9F-AFED-4F74-B5E5-B828C104A4FF}.Development Server|Win32.Build.0 = Development_Server|Win32
		{883EDE9F-AFED-4F74-B5E5-B828C104A4FF}.Development Server|Win64.ActiveCfg = Development_Server|x64
		{883EDE9F-AFED-4F74-B5E5-B828C104A4FF}.Development Server|Win64.Build.0 = Development_Server|x64
		{883EDE9F-AFED-4F74-B5E5-B828C104A4FF}.Development|HoloLens.ActiveCfg = Development|arm64
		{883EDE9F-AFED-4F74-B5E5-B828C104A4FF}.Development|HoloLens.Build.0 = Development|arm64
		{883EDE9F-AFED-4F74-B5E5-B828C104A4FF}.Development|HoloLens.Deploy.0 = Development|arm64
		{883EDE9F-AFED-4F74-B5E5-B828C104A4FF}.Development|Mac.ActiveCfg = Mac_Development|Win32
		{883EDE9F-AFED-4F74-B5E5-B828C104A4FF}.Development|Mac.Build.0 = Mac_Development|Win32
		{883EDE9F-AFED-4F74-B5E5-B828C104A4FF}.Development|Win32.ActiveCfg = Development|Win32
		{883EDE9F-AFED-4F74-B5E5-B828C104A4FF}.Development|Win32.Build.0 = Development|Win32
		{883EDE9F-AFED-4F74-B5E5-B828C104A4FF}.Development|Win64.ActiveCfg = Development|x64
		{883EDE9F-AFED-4F74-B5E5-B828C104A4FF}.Development|Win64.Build.0 = Development|x64
		{883EDE9F-AFED-4F74-B5E5-B828C104A4FF}.Shipping Server|HoloLens.ActiveCfg = Shipping_Server|arm64
		{883EDE9F-AFED-4F74-B5E5-B828C104A4FF}.Shipping Server|HoloLens.Build.0 = Shipping_Server|arm64
		{883EDE9F-AFED-4F74-B5E5-B828C104A4FF}.Shipping Server|HoloLens.Deploy.0 = Shipping_Server|arm64
		{883EDE9F-AFED-4F74-B5E5-B828C104A4FF}.Shipping Server|Mac.ActiveCfg = Mac_Shipping_Server|Win32
		{883EDE9F-AFED-4F74-B5E5-B828C104A4FF}.Shipping Server|Mac.Build.0 = Mac_Shipping_Server|Win32
		{883EDE9F-AFED-4F74-B5E5-B828C104A4FF}.Shipping Server|Win32.ActiveCfg = Shipping_Server|Win32
		{883EDE9F-AFED-4F74-B5E5-B828C104A4FF}.Shipping Server|Win32.Build.0 = Shipping_Server|Win32
		{883EDE9F-AFED-4F74-B5E5-B828C104A4FF}.Shipping Server|Win64.ActiveCfg = Shipping_Server|x64
		{883EDE9F-AFED-4F74-B5E5-B828C104A4FF}.Shipping Server|Win64.Build.0 = Shipping_Server|x64
		{883EDE9F-AFED-4F74-B5E5-B828C104A4FF}.Shipping|HoloLens.ActiveCfg = Shipping|arm64
		{883EDE9F-AFED-4F74-B5E5-B828C104A4FF}.Shipping|HoloLens.Build.0 = Shipping|arm64
		{883EDE9F-AFED-4F74-B5E5-B828C104A4FF}.Shipping|HoloLens.Deploy.0 = Shipping|arm64
		{883EDE9F-AFED-4F74-B5E5-B828C104A4FF}.Shipping|Mac.ActiveCfg = Mac_Shipping|Win32
		{883EDE9F-AFED-4F74-B5E5-B828C104A4FF}.Shipping|Mac.Build.0 = Mac_Shipping|Win32
		{883EDE9F-AFED-4F74-B5E5-B828C104A4FF}.Shipping|Win32.ActiveCfg = Shipping|Win32
		{883EDE9F-AFED-4F74-B5E5-B828C104A4FF}.Shipping|Win32.Build.0 = Shipping|Win32
		{883EDE9F-AFED-4F74-B5E5-B828C104A4FF}.Shipping|Win64.ActiveCfg = Shipping|x64
		{883EDE9F-AFED-4F74-B5E5-B828C104A4FF}.Shipping|Win64.Build.0 = Shipping|x64
		{883EDE9F-AFED-4F74-B5E5-B828C104A4FF}.Test Server|HoloLens.ActiveCfg = Test_Server|arm64
		{883EDE9F-AFED-4F74-B5E5-B828C104A4FF}.Test Server|HoloLens.Build.0 = Test_Server|arm64
		{883EDE9F-AFED-4F74-B5E5-B828C104A4FF}.Test Server|HoloLens.Deploy.0 = Test_Server|arm64
		{883EDE9F-AFED-4F74-B5E5-B828C104A4FF}.Test Server|Mac.ActiveCfg = Mac_Test_Server|Win32
		{883EDE9F-AFED-4F74-B5E5-B828C104A4FF}.Test Server|Mac.Build.0 = Mac_Test_Server|Win32
		{883EDE9F-AFED-4F74-B5E5-B828C104A4FF}.Test Server|Win32.ActiveCfg = Test_Server|Win32
		{883EDE9F-AFED-4F74-B5E5-B828C104A4FF}.Test Server|Win32.Build.0 = Test_Server|Win32
		{883EDE9F-AFED-4F74-B5E5-B828C104A4FF}.Test Server|Win64.ActiveCfg = Test_Server|x64
		{883EDE9F-AFED-4F74-B5E5-B828C104A4FF}.Test Server|Win64.Build.0 = Test_Server|x64
		{883EDE9F-AFED-4F74-B5E5-B828C104A4FF}.Test|HoloLens.ActiveCfg = Test|arm64
		{883EDE9F-AFED-4F74-B5E5-B828C104A4FF}.Test|HoloLens.Build.0 = Test|arm64
		{883EDE9F-AFED-4F74-B5E5-B828C104A4FF}.Test|HoloLens.Deploy.0 = Test|arm64
		{883EDE9F-AFED-4F74-B5E5-B828C104A4FF}.Test|Mac.ActiveCfg = Mac_Test|Win32
		{883EDE9F-AFED-4F74-B5E5-B828C104A4FF}.Test|Mac.Build.0 = Mac_Test|Win32
		{883EDE9F-AFED-4F74-B5E5-B828C104A4FF}.Test|Win32.ActiveCfg = Test|Win32
		{883EDE9F-AFED-4F74-B5E5-B828C104A4FF}.Test|Win32.Build.0 = Test|Win32
		{883EDE9F-AFED-4F74-B5E5-B828C104A4FF}.Test|Win64.ActiveCfg = Test|x64
		{883EDE9F-AFED-4F74-B5E5-B828C104A4FF}.Test|Win64.Build.0 = Test|x64
	EndGlobalSection
	GlobalSection(SolutionProperties) = preSolution
		HideSolutionNode = FALSE
	EndGlobalSection
	GlobalSection(NestedProjects) = preSolution
		{DDD934A6-2C22-48E6-A7C3-4F2C39D203D5} = {94A6C6F3-99B3-346E-9557-ABF9D4064DBD}
		{883EDE9F-AFED-4F74-B5E5-B828C104A4FF} = {8E2F6A87-1826-34F4-940C-CC23A48F9FE4}
	EndGlobalSection
EndGlobal
